{
  "version": 4,
  "terraform_version": "1.4.2",
  "serial": 59,
  "lineage": "31123d6f-4d23-5672-493e-0a60069ccf79",
  "outputs": {},
  "resources": [
    {
      "mode": "managed",
      "type": "azurerm_cosmosdb_account",
      "name": "example",
      "provider": "provider[\"registry.terraform.io/hashicorp/azurerm\"]",
      "instances": [
        {
          "schema_version": 0,
          "attributes": {
            "access_key_metadata_writes_enabled": true,
            "analytical_storage": [
              {
                "schema_type": "FullFidelity"
              }
            ],
            "analytical_storage_enabled": false,
            "backup": [
              {
                "interval_in_minutes": 240,
                "retention_in_hours": 8,
                "storage_redundancy": "Geo",
                "type": "Periodic"
              }
            ],
            "capabilities": [
              {
                "name": "EnableMongo"
              }
            ],
            "capacity": [],
            "connection_strings": [
              "mongodb://max-cosmosdb-account:O6FvWPVjizpsTwET3WftAmihvdVKsPcX7pt6zQhVVn3v09FRgarZsWaI5CLLErbOiFrmXcpRbk1iACDb9iRqNQ==@max-cosmosdb-account.mongo.cosmos.azure.com:10255/?ssl=true\u0026replicaSet=globaldb\u0026retrywrites=false\u0026maxIdleTimeMS=120000\u0026appName=@max-cosmosdb-account@",
              "mongodb://max-cosmosdb-account:I85VOObBI5yEHOncOqdmuo8c371lECDNNqJhJMidkyLMjwVEoN0G8PO5rXfDdbeKHMnvFglzhwRzACDbUumSYQ==@max-cosmosdb-account.mongo.cosmos.azure.com:10255/?ssl=true\u0026replicaSet=globaldb\u0026retrywrites=false\u0026maxIdleTimeMS=120000\u0026appName=@max-cosmosdb-account@",
              "mongodb://max-cosmosdb-account:EZEz7MNvqS8EirTbbEzghJ1POUhXTda4boNqLjJmiEFc50wzqI8bil9rjMT5l0AEoTngATJtS8k6ACDbjQHTRw==@max-cosmosdb-account.mongo.cosmos.azure.com:10255/?ssl=true\u0026replicaSet=globaldb\u0026retrywrites=false\u0026maxIdleTimeMS=120000\u0026appName=@max-cosmosdb-account@",
              "mongodb://max-cosmosdb-account:52wfHhGLMQYKW0Q2HaxO87VhahZovq2ZT9l3V4qSolseC0G5PHKjBuYO5T5CT3wn0ckv4J2ilzhAACDbQHBBAQ==@max-cosmosdb-account.mongo.cosmos.azure.com:10255/?ssl=true\u0026replicaSet=globaldb\u0026retrywrites=false\u0026maxIdleTimeMS=120000\u0026appName=@max-cosmosdb-account@"
            ],
            "consistency_policy": [
              {
                "consistency_level": "Session",
                "max_interval_in_seconds": 5,
                "max_staleness_prefix": 100
              }
            ],
            "cors_rule": [],
            "create_mode": "",
            "default_identity_type": "FirstPartyIdentity",
            "enable_automatic_failover": false,
            "enable_free_tier": false,
            "enable_multiple_write_locations": false,
            "endpoint": "https://max-cosmosdb-account.documents.azure.com:443/",
            "geo_location": [
              {
                "failover_priority": 0,
                "id": "max-cosmosdb-account-switzerlandnorth",
                "location": "switzerlandnorth",
                "zone_redundant": false
              }
            ],
            "id": "/subscriptions/b341d6fb-0155-4d01-80d3-d9e5bb0641c1/resourceGroups/my-resource-group/providers/Microsoft.DocumentDB/databaseAccounts/max-cosmosdb-account",
            "identity": [],
            "ip_range_filter": "",
            "is_virtual_network_filter_enabled": false,
            "key_vault_key_id": null,
            "kind": "MongoDB",
            "local_authentication_disabled": false,
            "location": "francecentral",
            "mongo_server_version": "3.6",
            "name": "max-cosmosdb-account",
            "network_acl_bypass_for_azure_services": false,
            "network_acl_bypass_ids": [],
            "offer_type": "Standard",
            "primary_key": "O6FvWPVjizpsTwET3WftAmihvdVKsPcX7pt6zQhVVn3v09FRgarZsWaI5CLLErbOiFrmXcpRbk1iACDb9iRqNQ==",
            "primary_readonly_key": "EZEz7MNvqS8EirTbbEzghJ1POUhXTda4boNqLjJmiEFc50wzqI8bil9rjMT5l0AEoTngATJtS8k6ACDbjQHTRw==",
            "primary_readonly_sql_connection_string": null,
            "primary_sql_connection_string": null,
            "public_network_access_enabled": true,
            "read_endpoints": [
              "https://max-cosmosdb-account-switzerlandnorth.documents.azure.com:443/"
            ],
            "resource_group_name": "my-resource-group",
            "restore": [],
            "secondary_key": "I85VOObBI5yEHOncOqdmuo8c371lECDNNqJhJMidkyLMjwVEoN0G8PO5rXfDdbeKHMnvFglzhwRzACDbUumSYQ==",
            "secondary_readonly_key": "52wfHhGLMQYKW0Q2HaxO87VhahZovq2ZT9l3V4qSolseC0G5PHKjBuYO5T5CT3wn0ckv4J2ilzhAACDbQHBBAQ==",
            "secondary_readonly_sql_connection_string": null,
            "secondary_sql_connection_string": null,
            "tags": {},
            "timeouts": null,
            "virtual_network_rule": [],
            "write_endpoints": [
              "https://max-cosmosdb-account-switzerlandnorth.documents.azure.com:443/"
            ]
          },
          "sensitive_attributes": [],
          "private": "eyJlMmJmYjczMC1lY2FhLTExZTYtOGY4OC0zNDM2M2JjN2M0YzAiOnsiY3JlYXRlIjoxMDgwMDAwMDAwMDAwMCwiZGVsZXRlIjoxMDgwMDAwMDAwMDAwMCwicmVhZCI6MzAwMDAwMDAwMDAwLCJ1cGRhdGUiOjEwODAwMDAwMDAwMDAwfX0=",
          "dependencies": [
            "azurerm_resource_group.example"
          ]
        }
      ]
    },
    {
      "mode": "managed",
      "type": "azurerm_cosmosdb_mongo_collection",
      "name": "example",
      "provider": "provider[\"registry.terraform.io/hashicorp/azurerm\"]",
      "instances": [
        {
          "schema_version": 1,
          "attributes": {
            "account_name": "max-cosmosdb-account",
            "analytical_storage_ttl": 0,
            "autoscale_settings": [],
            "database_name": "my-mongo-db",
            "default_ttl_seconds": 777,
            "id": "/subscriptions/b341d6fb-0155-4d01-80d3-d9e5bb0641c1/resourceGroups/my-resource-group/providers/Microsoft.DocumentDB/databaseAccounts/max-cosmosdb-account/mongodbDatabases/my-mongo-db/collections/qa_collection",
            "index": [
              {
                "keys": [
                  "_id"
                ],
                "unique": true
              }
            ],
            "name": "qa_collection",
            "resource_group_name": "my-resource-group",
            "shard_key": null,
            "system_indexes": [
              {
                "keys": [
                  "_id"
                ],
                "unique": true
              }
            ],
            "throughput": 400,
            "timeouts": null
          },
          "sensitive_attributes": [],
          "private": "eyJlMmJmYjczMC1lY2FhLTExZTYtOGY4OC0zNDM2M2JjN2M0YzAiOnsiY3JlYXRlIjoxODAwMDAwMDAwMDAwLCJkZWxldGUiOjE4MDAwMDAwMDAwMDAsInJlYWQiOjMwMDAwMDAwMDAwMCwidXBkYXRlIjoxODAwMDAwMDAwMDAwfSwic2NoZW1hX3ZlcnNpb24iOiIxIn0=",
          "dependencies": [
            "azurerm_cosmosdb_account.example",
            "azurerm_cosmosdb_mongo_database.example",
            "azurerm_resource_group.example"
          ]
        }
      ]
    },
    {
      "mode": "managed",
      "type": "azurerm_cosmosdb_mongo_database",
      "name": "example",
      "provider": "provider[\"registry.terraform.io/hashicorp/azurerm\"]",
      "instances": [
        {
          "schema_version": 1,
          "attributes": {
            "account_name": "max-cosmosdb-account",
            "autoscale_settings": [],
            "id": "/subscriptions/b341d6fb-0155-4d01-80d3-d9e5bb0641c1/resourceGroups/my-resource-group/providers/Microsoft.DocumentDB/databaseAccounts/max-cosmosdb-account/mongodbDatabases/my-mongo-db",
            "name": "my-mongo-db",
            "resource_group_name": "my-resource-group",
            "throughput": 0,
            "timeouts": null
          },
          "sensitive_attributes": [],
          "private": "eyJlMmJmYjczMC1lY2FhLTExZTYtOGY4OC0zNDM2M2JjN2M0YzAiOnsiY3JlYXRlIjoxODAwMDAwMDAwMDAwLCJkZWxldGUiOjE4MDAwMDAwMDAwMDAsInJlYWQiOjMwMDAwMDAwMDAwMCwidXBkYXRlIjoxODAwMDAwMDAwMDAwfSwic2NoZW1hX3ZlcnNpb24iOiIxIn0=",
          "dependencies": [
            "azurerm_cosmosdb_account.example",
            "azurerm_resource_group.example"
          ]
        }
      ]
    },
    {
      "mode": "managed",
      "type": "azurerm_network_interface",
      "name": "example",
      "provider": "provider[\"registry.terraform.io/hashicorp/azurerm\"]",
      "instances": [
        {
          "schema_version": 0,
          "attributes": {
            "applied_dns_servers": [],
            "dns_servers": [],
            "edge_zone": "",
            "enable_accelerated_networking": false,
            "enable_ip_forwarding": false,
            "id": "/subscriptions/b341d6fb-0155-4d01-80d3-d9e5bb0641c1/resourceGroups/my-resource-group/providers/Microsoft.Network/networkInterfaces/my-nic",
            "internal_dns_name_label": "",
            "internal_domain_name_suffix": "",
            "ip_configuration": [
              {
                "gateway_load_balancer_frontend_ip_configuration_id": "",
                "name": "my-ip-configuration",
                "primary": true,
                "private_ip_address": "10.0.1.4",
                "private_ip_address_allocation": "Dynamic",
                "private_ip_address_version": "IPv4",
                "public_ip_address_id": "/subscriptions/b341d6fb-0155-4d01-80d3-d9e5bb0641c1/resourceGroups/my-resource-group/providers/Microsoft.Network/publicIPAddresses/my-public-ip",
                "subnet_id": "/subscriptions/b341d6fb-0155-4d01-80d3-d9e5bb0641c1/resourceGroups/my-resource-group/providers/Microsoft.Network/virtualNetworks/my-virtual-network/subnets/my-subnet"
              }
            ],
            "location": "francecentral",
            "mac_address": "60-45-BD-6E-44-2A",
            "name": "my-nic",
            "private_ip_address": "10.0.1.4",
            "private_ip_addresses": [
              "10.0.1.4"
            ],
            "resource_group_name": "my-resource-group",
            "tags": {},
            "timeouts": {
              "create": null,
              "delete": null,
              "read": null,
              "update": null
            },
            "virtual_machine_id": ""
          },
          "sensitive_attributes": [],
          "private": "eyJlMmJmYjczMC1lY2FhLTExZTYtOGY4OC0zNDM2M2JjN2M0YzAiOnsiY3JlYXRlIjoxODAwMDAwMDAwMDAwLCJkZWxldGUiOjE4MDAwMDAwMDAwMDAsInJlYWQiOjMwMDAwMDAwMDAwMCwidXBkYXRlIjoxODAwMDAwMDAwMDAwfSwic2NoZW1hX3ZlcnNpb24iOiIwIn0=",
          "dependencies": [
            "azurerm_public_ip.example",
            "azurerm_resource_group.example",
            "azurerm_subnet.example",
            "azurerm_virtual_network.example"
          ]
        }
      ]
    },
    {
      "mode": "managed",
      "type": "azurerm_network_interface_security_group_association",
      "name": "example",
      "provider": "provider[\"registry.terraform.io/hashicorp/azurerm\"]",
      "instances": [
        {
          "schema_version": 0,
          "attributes": {
            "id": "/subscriptions/b341d6fb-0155-4d01-80d3-d9e5bb0641c1/resourceGroups/my-resource-group/providers/Microsoft.Network/networkInterfaces/my-nic|/subscriptions/b341d6fb-0155-4d01-80d3-d9e5bb0641c1/resourceGroups/my-resource-group/providers/Microsoft.Network/networkSecurityGroups/my-nsg",
            "network_interface_id": "/subscriptions/b341d6fb-0155-4d01-80d3-d9e5bb0641c1/resourceGroups/my-resource-group/providers/Microsoft.Network/networkInterfaces/my-nic",
            "network_security_group_id": "/subscriptions/b341d6fb-0155-4d01-80d3-d9e5bb0641c1/resourceGroups/my-resource-group/providers/Microsoft.Network/networkSecurityGroups/my-nsg",
            "timeouts": {
              "create": null,
              "delete": null,
              "read": null,
              "update": null
            }
          },
          "sensitive_attributes": [],
          "private": "eyJlMmJmYjczMC1lY2FhLTExZTYtOGY4OC0zNDM2M2JjN2M0YzAiOnsiY3JlYXRlIjoxODAwMDAwMDAwMDAwLCJkZWxldGUiOjE4MDAwMDAwMDAwMDAsInJlYWQiOjMwMDAwMDAwMDAwMCwidXBkYXRlIjoxODAwMDAwMDAwMDAwfSwic2NoZW1hX3ZlcnNpb24iOiIwIn0=",
          "dependencies": [
            "azurerm_network_interface.example",
            "azurerm_network_security_group.example",
            "azurerm_public_ip.example",
            "azurerm_resource_group.example",
            "azurerm_subnet.example",
            "azurerm_virtual_network.example"
          ]
        }
      ]
    },
    {
      "mode": "managed",
      "type": "azurerm_network_security_group",
      "name": "example",
      "provider": "provider[\"registry.terraform.io/hashicorp/azurerm\"]",
      "instances": [
        {
          "schema_version": 0,
          "attributes": {
            "id": "/subscriptions/b341d6fb-0155-4d01-80d3-d9e5bb0641c1/resourceGroups/my-resource-group/providers/Microsoft.Network/networkSecurityGroups/my-nsg",
            "location": "francecentral",
            "name": "my-nsg",
            "resource_group_name": "my-resource-group",
            "security_rule": [
              {
                "access": "Allow",
                "description": "",
                "destination_address_prefix": "*",
                "destination_address_prefixes": [],
                "destination_application_security_group_ids": [],
                "destination_port_range": "22",
                "destination_port_ranges": [],
                "direction": "Inbound",
                "name": "SSH",
                "priority": 1001,
                "protocol": "Tcp",
                "source_address_prefix": "*",
                "source_address_prefixes": [],
                "source_application_security_group_ids": [],
                "source_port_range": "*",
                "source_port_ranges": []
              }
            ],
            "tags": {},
            "timeouts": {
              "create": null,
              "delete": null,
              "read": null,
              "update": null
            }
          },
          "sensitive_attributes": [],
          "private": "eyJlMmJmYjczMC1lY2FhLTExZTYtOGY4OC0zNDM2M2JjN2M0YzAiOnsiY3JlYXRlIjoxODAwMDAwMDAwMDAwLCJkZWxldGUiOjE4MDAwMDAwMDAwMDAsInJlYWQiOjMwMDAwMDAwMDAwMCwidXBkYXRlIjoxODAwMDAwMDAwMDAwfSwic2NoZW1hX3ZlcnNpb24iOiIwIn0=",
          "dependencies": [
            "azurerm_resource_group.example"
          ]
        }
      ]
    },
    {
      "mode": "managed",
      "type": "azurerm_public_ip",
      "name": "example",
      "provider": "provider[\"registry.terraform.io/hashicorp/azurerm\"]",
      "instances": [
        {
          "schema_version": 0,
          "attributes": {
            "allocation_method": "Dynamic",
            "ddos_protection_mode": "VirtualNetworkInherited",
            "ddos_protection_plan_id": null,
            "domain_name_label": null,
            "edge_zone": "",
            "fqdn": null,
            "id": "/subscriptions/b341d6fb-0155-4d01-80d3-d9e5bb0641c1/resourceGroups/my-resource-group/providers/Microsoft.Network/publicIPAddresses/my-public-ip",
            "idle_timeout_in_minutes": 4,
            "ip_address": "",
            "ip_tags": {},
            "ip_version": "IPv4",
            "location": "francecentral",
            "name": "my-public-ip",
            "public_ip_prefix_id": null,
            "resource_group_name": "my-resource-group",
            "reverse_fqdn": null,
            "sku": "Basic",
            "sku_tier": "Regional",
            "tags": {},
            "timeouts": {
              "create": null,
              "delete": null,
              "read": null,
              "update": null
            },
            "zones": []
          },
          "sensitive_attributes": [],
          "private": "eyJlMmJmYjczMC1lY2FhLTExZTYtOGY4OC0zNDM2M2JjN2M0YzAiOnsiY3JlYXRlIjoxODAwMDAwMDAwMDAwLCJkZWxldGUiOjE4MDAwMDAwMDAwMDAsInJlYWQiOjMwMDAwMDAwMDAwMCwidXBkYXRlIjoxODAwMDAwMDAwMDAwfSwic2NoZW1hX3ZlcnNpb24iOiIwIn0=",
          "dependencies": [
            "azurerm_resource_group.example"
          ]
        }
      ]
    },
    {
      "mode": "managed",
      "type": "azurerm_resource_group",
      "name": "example",
      "provider": "provider[\"registry.terraform.io/hashicorp/azurerm\"]",
      "instances": [
        {
          "schema_version": 0,
          "attributes": {
            "id": "/subscriptions/b341d6fb-0155-4d01-80d3-d9e5bb0641c1/resourceGroups/my-resource-group",
            "location": "francecentral",
            "name": "my-resource-group",
            "tags": {},
            "timeouts": {
              "create": null,
              "delete": null,
              "read": null,
              "update": null
            }
          },
          "sensitive_attributes": [],
          "private": "eyJlMmJmYjczMC1lY2FhLTExZTYtOGY4OC0zNDM2M2JjN2M0YzAiOnsiY3JlYXRlIjo1NDAwMDAwMDAwMDAwLCJkZWxldGUiOjU0MDAwMDAwMDAwMDAsInJlYWQiOjMwMDAwMDAwMDAwMCwidXBkYXRlIjo1NDAwMDAwMDAwMDAwfSwic2NoZW1hX3ZlcnNpb24iOiIwIn0="
        }
      ]
    },
    {
      "mode": "managed",
      "type": "azurerm_subnet",
      "name": "example",
      "provider": "provider[\"registry.terraform.io/hashicorp/azurerm\"]",
      "instances": [
        {
          "schema_version": 0,
          "attributes": {
            "address_prefixes": [
              "10.0.1.0/24"
            ],
            "delegation": [],
            "enforce_private_link_endpoint_network_policies": false,
            "enforce_private_link_service_network_policies": false,
            "id": "/subscriptions/b341d6fb-0155-4d01-80d3-d9e5bb0641c1/resourceGroups/my-resource-group/providers/Microsoft.Network/virtualNetworks/my-virtual-network/subnets/my-subnet",
            "name": "my-subnet",
            "private_endpoint_network_policies_enabled": true,
            "private_link_service_network_policies_enabled": true,
            "resource_group_name": "my-resource-group",
            "service_endpoint_policy_ids": [],
            "service_endpoints": [],
            "timeouts": {
              "create": null,
              "delete": null,
              "read": null,
              "update": null
            },
            "virtual_network_name": "my-virtual-network"
          },
          "sensitive_attributes": [],
          "private": "eyJlMmJmYjczMC1lY2FhLTExZTYtOGY4OC0zNDM2M2JjN2M0YzAiOnsiY3JlYXRlIjoxODAwMDAwMDAwMDAwLCJkZWxldGUiOjE4MDAwMDAwMDAwMDAsInJlYWQiOjMwMDAwMDAwMDAwMCwidXBkYXRlIjoxODAwMDAwMDAwMDAwfSwic2NoZW1hX3ZlcnNpb24iOiIwIn0=",
          "dependencies": [
            "azurerm_resource_group.example",
            "azurerm_virtual_network.example"
          ]
        }
      ]
    },
    {
      "mode": "managed",
      "type": "azurerm_virtual_machine",
      "name": "example",
      "provider": "provider[\"registry.terraform.io/hashicorp/azurerm\"]",
      "instances": [
        {
          "schema_version": 0,
          "attributes": {
            "additional_capabilities": [],
            "availability_set_id": null,
            "boot_diagnostics": [],
            "delete_data_disks_on_termination": false,
            "delete_os_disk_on_termination": false,
            "id": "/subscriptions/b341d6fb-0155-4d01-80d3-d9e5bb0641c1/resourceGroups/my-resource-group/providers/Microsoft.Compute/virtualMachines/my-vm",
            "identity": [
              {
                "identity_ids": null,
                "principal_id": "bcae17f1-d89d-4cc0-91a6-54c11569d9b9",
                "type": "SystemAssigned"
              }
            ],
            "license_type": null,
            "location": "francecentral",
            "name": "my-vm",
            "network_interface_ids": [
              "/subscriptions/b341d6fb-0155-4d01-80d3-d9e5bb0641c1/resourceGroups/my-resource-group/providers/Microsoft.Network/networkInterfaces/my-nic"
            ],
            "os_profile": [
              {
                "admin_password": "",
                "admin_username": "azureuser",
                "computer_name": "my-vm",
                "custom_data": ""
              }
            ],
            "os_profile_linux_config": [
              {
                "disable_password_authentication": true,
                "ssh_keys": [
                  {
                    "key_data": "ssh-rsa AAAAB3NzaC1yc2EAAAADAQABAAABgQC++nOE/n+/bOIP04OtB31SoqiCIQXxxWpZDjhY++cDKNWmb80ysBI+m8ZKymcnJZXisepE62utyqUXUX//neyAZNeOpegfqmLMiBvcIG2dkVBQD8V/Q39rwjbgbofRU3Dal9CrTYOO+VBdeB7FqfaSipUPvX+2YokmjfJO44FpG9OghGDvHhDLwquBnH5EtA5qmRs2VR0KxG/xDuXOA3fPrHLOPDXwnCLGkRriEogK+UbaYyCeWoJUexFHulngXo/QGyfFFLcy9m3vg1TLU3F20+4aQIqWLUP5N8ew8MPgonZshDtebAqGpsVx4nNl89XeapSu4y63R0rI1FJMq5P1yiZUB2rF90Q9OJuu7gYt8PxGEfjAKXpNR5b6fX+Ooz/DtKIx5R2kojFsA5DB7MGXs59iLa1QKVQAUXSXNct7hjoQgD7aHXLel8RIK817hb8lcXh8CUnLE9ODXs0WWzUdILDutknX9HINxxEaKDuchIYrHZWtXrS2lmia21pj6ss= emea\\gohlke@WAEJHPJ3NG",
                    "path": "/home/azureuser/.ssh/authorized_keys"
                  }
                ]
              }
            ],
            "os_profile_secrets": [],
            "os_profile_windows_config": [],
            "plan": [],
            "primary_network_interface_id": null,
            "proximity_placement_group_id": null,
            "resource_group_name": "my-resource-group",
            "storage_data_disk": [],
            "storage_image_reference": [
              {
                "id": "",
                "offer": "0001-com-ubuntu-server-focal",
                "publisher": "Canonical",
                "sku": "20_04-lts-gen2",
                "version": "latest"
              }
            ],
            "storage_os_disk": [
              {
                "caching": "ReadWrite",
                "create_option": "FromImage",
                "disk_size_gb": 30,
                "image_uri": "",
                "managed_disk_id": "/subscriptions/b341d6fb-0155-4d01-80d3-d9e5bb0641c1/resourceGroups/my-resource-group/providers/Microsoft.Compute/disks/my-os-disk",
                "managed_disk_type": "Standard_LRS",
                "name": "my-os-disk",
                "os_type": "Linux",
                "vhd_uri": "",
                "write_accelerator_enabled": false
              }
            ],
            "tags": null,
            "timeouts": null,
            "vm_size": "Standard_B1ls",
            "zones": null
          },
          "sensitive_attributes": [],
          "private": "eyJlMmJmYjczMC1lY2FhLTExZTYtOGY4OC0zNDM2M2JjN2M0YzAiOnsiY3JlYXRlIjozNjAwMDAwMDAwMDAwLCJkZWxldGUiOjM2MDAwMDAwMDAwMDAsInJlYWQiOjMwMDAwMDAwMDAwMCwidXBkYXRlIjozNjAwMDAwMDAwMDAwfX0=",
          "dependencies": [
            "azurerm_network_interface.example",
            "azurerm_resource_group.example"
          ]
        }
      ]
    },
    {
      "mode": "managed",
      "type": "azurerm_virtual_network",
      "name": "example",
      "provider": "provider[\"registry.terraform.io/hashicorp/azurerm\"]",
      "instances": [
        {
          "schema_version": 0,
          "attributes": {
            "address_space": [
              "10.0.0.0/16"
            ],
            "bgp_community": "",
            "ddos_protection_plan": [],
            "dns_servers": [],
            "edge_zone": "",
            "flow_timeout_in_minutes": 0,
            "guid": "daca9b4e-748d-4abc-8d6e-26571b9fcb01",
            "id": "/subscriptions/b341d6fb-0155-4d01-80d3-d9e5bb0641c1/resourceGroups/my-resource-group/providers/Microsoft.Network/virtualNetworks/my-virtual-network",
            "location": "francecentral",
            "name": "my-virtual-network",
            "resource_group_name": "my-resource-group",
            "subnet": [
              {
                "address_prefix": "10.0.1.0/24",
                "id": "/subscriptions/b341d6fb-0155-4d01-80d3-d9e5bb0641c1/resourceGroups/my-resource-group/providers/Microsoft.Network/virtualNetworks/my-virtual-network/subnets/my-subnet",
                "name": "my-subnet",
                "security_group": ""
              }
            ],
            "tags": {},
            "timeouts": {
              "create": null,
              "delete": null,
              "read": null,
              "update": null
            }
          },
          "sensitive_attributes": [],
          "private": "eyJlMmJmYjczMC1lY2FhLTExZTYtOGY4OC0zNDM2M2JjN2M0YzAiOnsiY3JlYXRlIjoxODAwMDAwMDAwMDAwLCJkZWxldGUiOjE4MDAwMDAwMDAwMDAsInJlYWQiOjMwMDAwMDAwMDAwMCwidXBkYXRlIjoxODAwMDAwMDAwMDAwfSwic2NoZW1hX3ZlcnNpb24iOiIwIn0=",
          "dependencies": [
            "azurerm_resource_group.example"
          ]
        }
      ]
    }
  ],
  "check_results": null
}
